
Microsoft Visual Studio Solution File, Format Version 11.00
# Visual Studio 2010
Project("{E24C65DC-7377-472B-9ABA-BC803B73C61A}") = "WebShop", "WebShop\", "{3BC9B35F-1E24-4D58-BCE9-B9AE46DE3F3A}"
	ProjectSection(WebsiteProperties) = preProject
		TargetFrameworkMoniker = ".NETFramework,Version%3Dv4.0"
		ProjectReferences = "{3BAC94BE-8283-429D-8A62-B2BD713D3310}|BLL.dll;{3546716C-5F46-41DF-AB20-F56D90711927}|DAL.dll;"
		Debug.AspNetCompiler.VirtualPath = "/WebShop"
		Debug.AspNetCompiler.PhysicalPath = "WebShop\"
		Debug.AspNetCompiler.TargetPath = "PrecompiledWeb\WebShop\"
		Debug.AspNetCompiler.Updateable = "true"
		Debug.AspNetCompiler.ForceOverwrite = "true"
		Debug.AspNetCompiler.FixedNames = "false"
		Debug.AspNetCompiler.Debug = "True"
		Release.AspNetCompiler.VirtualPath = "/WebShop"
		Release.AspNetCompiler.PhysicalPath = "WebShop\"
		Release.AspNetCompiler.TargetPath = "PrecompiledWeb\WebShop\"
		Release.AspNetCompiler.Updateable = "true"
		Release.AspNetCompiler.ForceOverwrite = "true"
		Release.AspNetCompiler.FixedNames = "false"
		Release.AspNetCompiler.Debug = "False"
		VWDPort = "1216"
		DefaultWebSiteLanguage = "Visual C#"
	EndProjectSection
EndProject
Project("{FAE04EC0-301F-11D3-BF4B-00C04F79EFBC}") = "DAL", "DAL\DAL.csproj", "{3546716C-5F46-41DF-AB20-F56D90711927}"
EndProject
Project("{FAE04EC0-301F-11D3-BF4B-00C04F79EFBC}") = "BLL", "BLL\BLL.csproj", "{3BAC94BE-8283-429D-8A62-B2BD713D3310}"
EndProject
Global
	GlobalSection(SolutionConfigurationPlatforms) = preSolution
		Debug|Any CPU = Debug|Any CPU
		Release|Any CPU = Release|Any CPU
	EndGlobalSection
	GlobalSection(ProjectConfigurationPlatforms) = postSolution
		{3BC9B35F-1E24-4D58-BCE9-B9AE46DE3F3A}.Debug|Any CPU.ActiveCfg = Debug|Any CPU
		{3BC9B35F-1E24-4D58-BCE9-B9AE46DE3F3A}.Debug|Any CPU.Build.0 = Debug|Any CPU
		{3BC9B35F-1E24-4D58-BCE9-B9AE46DE3F3A}.Release|Any CPU.ActiveCfg = Debug|Any CPU
		{3BC9B35F-1E24-4D58-BCE9-B9AE46DE3F3A}.Release|Any CPU.Build.0 = Debug|Any CPU
		{3546716C-5F46-41DF-AB20-F56D90711927}.Debug|Any CPU.ActiveCfg = Debug|Any CPU
		{3546716C-5F46-41DF-AB20-F56D90711927}.Debug|Any CPU.Build.0 = Debug|Any CPU
		{3546716C-5F46-41DF-AB20-F56D90711927}.Release|Any CPU.ActiveCfg = Release|Any CPU
		{3546716C-5F46-41DF-AB20-F56D90711927}.Release|Any CPU.Build.0 = Release|Any CPU
		{3BAC94BE-8283-429D-8A62-B2BD713D3310}.Debug|Any CPU.ActiveCfg = Debug|Any CPU
		{3BAC94BE-8283-429D-8A62-B2BD713D3310}.Debug|Any CPU.Build.0 = Debug|Any CPU
		{3BAC94BE-8283-429D-8A62-B2BD713D3310}.Release|Any CPU.ActiveCfg = Release|Any CPU
		{3BAC94BE-8283-429D-8A62-B2BD713D3310}.Release|Any CPU.Build.0 = Release|Any CPU
	EndGlobalSection
	GlobalSection(SolutionProperties) = preSolution
		HideSolutionNode = FALSE
	EndGlobalSection
EndGlobal
